
Microsoft Visual Studio Solution File, Format Version 12.00
# Visual Studio Version 17
VisualStudioVersion = 17.0.32112.339
MinimumVisualStudioVersion = 10.0.40219.1
Project("{FAE04EC0-301F-11D3-BF4B-00C04F79EFBC}") = "Stopwatch", "Stopwatch\Stopwatch.csproj", "{53A7814B-BEC0-4015-838B-C1073D038309}"
EndProject
Global
	GlobalSection(SolutionConfigurationPlatforms) = preSolution
		Debug|Any CPU = Debug|Any CPU
		Release|Any CPU = Release|Any CPU
	EndGlobalSection
	GlobalSection(ProjectConfigurationPlatforms) = postSolution
		{53A7814B-BEC0-4015-838B-C1073D038309}.Debug|Any CPU.ActiveCfg = Debug|Any CPU
		{53A7814B-BEC0-4015-838B-C1073D038309}.Debug|Any CPU.Build.0 = Debug|Any CPU
		{53A7814B-BEC0-4015-838B-C1073D038309}.Release|Any CPU.ActiveCfg = Release|Any CPU
		{53A7814B-BEC0-4015-838B-C1073D038309}.Release|Any CPU.Build.0 = Release|Any CPU
	EndGlobalSection
	GlobalSection(SolutionProperties) = preSolution
		HideSolutionNode = FALSE
	EndGlobalSection
	GlobalSection(ExtensibilityGlobals) = postSolution
		SolutionGuid = {1AAA8968-50EE-4279-9F07-0143F7130665}
	EndGlobalSection
EndGlobal
